
Microsoft Visual Studio Solution File, Format Version 12.00
# Visual Studio Version 17
VisualStudioVersion = 17.4.33213.308
MinimumVisualStudioVersion = 10.0.40219.1
Project("{FAE04EC0-301F-11D3-BF4B-00C04F79EFBC}") = "examenm5uf2", "examenm5uf2\examenm5uf2.csproj", "{18AB8760-EAD7-4E04-A95A-9DC26C2C1593}"
EndProject
Global
	GlobalSection(SolutionConfigurationPlatforms) = preSolution
		Debug|Any CPU = Debug|Any CPU
		Release|Any CPU = Release|Any CPU
	EndGlobalSection
	GlobalSection(ProjectConfigurationPlatforms) = postSolution
		{18AB8760-EAD7-4E04-A95A-9DC26C2C1593}.Debug|Any CPU.ActiveCfg = Debug|Any CPU
		{18AB8760-EAD7-4E04-A95A-9DC26C2C1593}.Debug|Any CPU.Build.0 = Debug|Any CPU
		{18AB8760-EAD7-4E04-A95A-9DC26C2C1593}.Release|Any CPU.ActiveCfg = Release|Any CPU
		{18AB8760-EAD7-4E04-A95A-9DC26C2C1593}.Release|Any CPU.Build.0 = Release|Any CPU
	EndGlobalSection
	GlobalSection(SolutionProperties) = preSolution
		HideSolutionNode = FALSE
	EndGlobalSection
	GlobalSection(ExtensibilityGlobals) = postSolution
		SolutionGuid = {848F8E69-6739-4FC9-AB2B-945B51F6F038}
	EndGlobalSection
EndGlobal
